<Solution>
  <Configurations>
    <Platform Name="Any CPU" />
    <Platform Name="x64" />
    <Platform Name="x86" />
  </Configurations>
  <Project Path="ModTools.Ui/ModTools.Ui.csproj" Id="c064d08e-5577-4871-ac29-c3ace1f46ef2" />
  <Project Path="ModTools/ModTools.csproj">
    <Platform Solution="*|x64" Project="x64" />
    <Platform Solution="*|x86" Project="x86" />
  </Project>
</Solution>
